
Microsoft Visual Studio Solution File, Format Version 12.00
# Visual Studio 15
VisualStudioVersion = 15.0.28010.2019
MinimumVisualStudioVersion = 10.0.40219.1
Project("{FAE04EC0-301F-11D3-BF4B-00C04F79EFBC}") = "Estructuras Repetitivas", "Estructuras Repetitivas\Estructuras Repetitivas.csproj", "{5BB184BD-B3EA-473E-B8F1-BA6D347DE4C2}"
EndProject
Global
	GlobalSection(SolutionConfigurationPlatforms) = preSolution
		Debug|Any CPU = Debug|Any CPU
		Release|Any CPU = Release|Any CPU
	EndGlobalSection
	GlobalSection(ProjectConfigurationPlatforms) = postSolution
		{5BB184BD-B3EA-473E-B8F1-BA6D347DE4C2}.Debug|Any CPU.ActiveCfg = Debug|Any CPU
		{5BB184BD-B3EA-473E-B8F1-BA6D347DE4C2}.Debug|Any CPU.Build.0 = Debug|Any CPU
		{5BB184BD-B3EA-473E-B8F1-BA6D347DE4C2}.Release|Any CPU.ActiveCfg = Release|Any CPU
		{5BB184BD-B3EA-473E-B8F1-BA6D347DE4C2}.Release|Any CPU.Build.0 = Release|Any CPU
	EndGlobalSection
	GlobalSection(SolutionProperties) = preSolution
		HideSolutionNode = FALSE
	EndGlobalSection
	GlobalSection(ExtensibilityGlobals) = postSolution
		SolutionGuid = {E37278E5-B1C5-4065-8A96-20FCEC054EE3}
	EndGlobalSection
EndGlobal
