
Microsoft Visual Studio Solution File, Format Version 12.00
# Visual Studio 15
VisualStudioVersion = 15.0.28010.2019
MinimumVisualStudioVersion = 10.0.40219.1
Project("{FAE04EC0-301F-11D3-BF4B-00C04F79EFBC}") = "EstructurasSelectivas", "EstructurasSelectivas\EstructurasSelectivas.csproj", "{5E62108B-D9C5-4BB6-9A3C-0EE95AF27A07}"
EndProject
Global
	GlobalSection(SolutionConfigurationPlatforms) = preSolution
		Debug|Any CPU = Debug|Any CPU
		Release|Any CPU = Release|Any CPU
	EndGlobalSection
	GlobalSection(ProjectConfigurationPlatforms) = postSolution
		{5E62108B-D9C5-4BB6-9A3C-0EE95AF27A07}.Debug|Any CPU.ActiveCfg = Debug|Any CPU
		{5E62108B-D9C5-4BB6-9A3C-0EE95AF27A07}.Debug|Any CPU.Build.0 = Debug|Any CPU
		{5E62108B-D9C5-4BB6-9A3C-0EE95AF27A07}.Release|Any CPU.ActiveCfg = Release|Any CPU
		{5E62108B-D9C5-4BB6-9A3C-0EE95AF27A07}.Release|Any CPU.Build.0 = Release|Any CPU
	EndGlobalSection
	GlobalSection(SolutionProperties) = preSolution
		HideSolutionNode = FALSE
	EndGlobalSection
	GlobalSection(ExtensibilityGlobals) = postSolution
		SolutionGuid = {6470247A-DC54-4265-9B83-80C8B458AE5A}
	EndGlobalSection
EndGlobal
